
Microsoft Visual Studio Solution File, Format Version 12.00
# Visual Studio Version 17
VisualStudioVersion = 17.10.35013.160
MinimumVisualStudioVersion = 10.0.40219.1
Project("{FAE04EC0-301F-11D3-BF4B-00C04F79EFBC}") = "College", "College\College.csproj", "{F94D3726-867B-493E-B242-5AC5AD060812}"
EndProject
Global
	GlobalSection(SolutionConfigurationPlatforms) = preSolution
		Debug|Any CPU = Debug|Any CPU
		Release|Any CPU = Release|Any CPU
	EndGlobalSection
	GlobalSection(ProjectConfigurationPlatforms) = postSolution
		{F94D3726-867B-493E-B242-5AC5AD060812}.Debug|Any CPU.ActiveCfg = Debug|Any CPU
		{F94D3726-867B-493E-B242-5AC5AD060812}.Debug|Any CPU.Build.0 = Debug|Any CPU
		{F94D3726-867B-493E-B242-5AC5AD060812}.Release|Any CPU.ActiveCfg = Release|Any CPU
		{F94D3726-867B-493E-B242-5AC5AD060812}.Release|Any CPU.Build.0 = Release|Any CPU
	EndGlobalSection
	GlobalSection(SolutionProperties) = preSolution
		HideSolutionNode = FALSE
	EndGlobalSection
	GlobalSection(ExtensibilityGlobals) = postSolution
		SolutionGuid = {827C1B89-EDB2-4A34-AFD8-6AE4A3E05F0A}
	EndGlobalSection
EndGlobal
